hash: 5f6a20dfcbd0d3f8669061128596d7b554934928a05f38a7e8d385c9c78b82d8
updated: 2020-02-08T01:01:00.237797-05:00
imports:
- name: github.com/sirupsen/logrus
  version: 3e01752db0189b9157070a0e1668a620f9a85da2
- name: golang.org/x/crypto
  version: c9f3fb736b729628ec1e9c1a6b4313e883f452f9
  subpackages:
  - ssh/terminal
- name: golang.org/x/sys
  version: d101bd2416d505c0448a6ce8a282482678040a89
  subpackages:
  - unix
  - windows
testImports:
- name: github.com/kelseyhightower/envconfig
  version: 0b417c4ec4a8a82eecc22a1459a504aa55163d61
