hash: 097ae50f09f700b31fb712b8346a3513e7c4d32b22a27d47e5c855cdcf8a1291
updated: 2016-12-28T14:36:57.482769864-08:00
imports:
- name: github.com/kelseyhightower/envconfig
  version: ac12b1f15efba734211a556d8b125110dc538016
- name: github.com/Sirupsen/logrus
  version: d26492970760ca5d33129d2d799e34be5c4782eb
- name: golang.org/x/sys
  version: 9bb9f0998d48b31547d975974935ae9b48c7a03c
  subpackages:
  - unix
testImports: []
